
Microsoft Visual Studio Solution File, Format Version 12.00
# Visual Studio Version 16
VisualStudioVersion = 16.0.33027.164
MinimumVisualStudioVersion = 10.0.40219.1
Project("{FAE04EC0-301F-11D3-BF4B-00C04F79EFBC}") = "BookHouse", "BookHouse\BookHouse.csproj", "{6FB8F819-FE60-492A-8DE3-0B1773E4FB71}"
EndProject
Global
	GlobalSection(SolutionConfigurationPlatforms) = preSolution
		Debug|Any CPU = Debug|Any CPU
		Release|Any CPU = Release|Any CPU
	EndGlobalSection
	GlobalSection(ProjectConfigurationPlatforms) = postSolution
		{6FB8F819-FE60-492A-8DE3-0B1773E4FB71}.Debug|Any CPU.ActiveCfg = Debug|Any CPU
		{6FB8F819-FE60-492A-8DE3-0B1773E4FB71}.Debug|Any CPU.Build.0 = Debug|Any CPU
		{6FB8F819-FE60-492A-8DE3-0B1773E4FB71}.Release|Any CPU.ActiveCfg = Release|Any CPU
		{6FB8F819-FE60-492A-8DE3-0B1773E4FB71}.Release|Any CPU.Build.0 = Release|Any CPU
	EndGlobalSection
	GlobalSection(SolutionProperties) = preSolution
		HideSolutionNode = FALSE
	EndGlobalSection
	GlobalSection(ExtensibilityGlobals) = postSolution
		SolutionGuid = {268191BE-6ED7-4D49-88AC-A83BFDC7743D}
	EndGlobalSection
EndGlobal
